
Microsoft Visual Studio Solution File, Format Version 12.00
# Visual Studio 2012
Project("{8BC9CEB8-8B4A-11D0-8D11-00A0C91BC942}") = "Medi-6000.Plus", "Medi-6000.Plus\Medi-6000.Plus.vcxproj", "{3134C608-11C8-407D-9C18-28A2BCEE8E2C}"
EndProject
Global
	GlobalSection(SolutionConfigurationPlatforms) = preSolution
		Debug|Win32 = Debug|Win32
		Release|Win32 = Release|Win32
	EndGlobalSection
	GlobalSection(ProjectConfigurationPlatforms) = postSolution
		{3134C608-11C8-407D-9C18-28A2BCEE8E2C}.Debug|Win32.ActiveCfg = Debug|Win32
		{3134C608-11C8-407D-9C18-28A2BCEE8E2C}.Debug|Win32.Build.0 = Debug|Win32
		{3134C608-11C8-407D-9C18-28A2BCEE8E2C}.Release|Win32.ActiveCfg = Release|Win32
		{3134C608-11C8-407D-9C18-28A2BCEE8E2C}.Release|Win32.Build.0 = Release|Win32
	EndGlobalSection
	GlobalSection(SolutionProperties) = preSolution
		HideSolutionNode = FALSE
	EndGlobalSection
EndGlobal
